<?xml version="1.0" encoding="utf-8"?>
<Project ToolsVersion="4.0" xmlns="http://schemas.microsoft.com/developer/msbuild/2003">
  <ItemGroup>
    <Filter Include="Source Files">
      <UniqueIdentifier>{4FC737F1-C7A5-4376-A066-2A32D752A2FF}</UniqueIdentifier>
      <Extensions>cpp;c;cc;cxx;def;odl;idl;hpj;bat;asm;asmx</Extensions>
    </Filter>
    <Filter Include="Header Files">
      <UniqueIdentifier>{93995380-89BD-4b04-88EB-625FBE52EBFB}</UniqueIdentifier>
      <Extensions>h;hpp;hxx;hm;inl;inc;xsd</Extensions>
    </Filter>
    <Filter Include="Texture files">
      <UniqueIdentifier>{67DA6AB6-F800-4c08-8B7A-83BB121AAD01}</UniqueIdentifier>
      <Extensions>rc;ico;cur;bmp;dlg;rc2;rct;bin;rgs;gif;jpg;jpeg;jpe;resx;tiff;tif;png;wav;mfcribbon-ms</Extensions>
    </Filter>
    <Filter Include="Shader Files">
      <UniqueIdentifier>{2f4d04a9-46ed-44c1-8702-23c4fe35d488}</UniqueIdentifier>
    </Filter>
  </ItemGroup>
  <ItemGroup>
    <ClCompile Include="Object.cpp">
      <Filter>Source Files</Filter>
    </ClCompile>
    <ClCompile Include="vertexattributes.cpp">
      <Filter>Source Files</Filter>
    </ClCompile>
    <ClCompile Include="shader.cpp">
      <Filter>Source Files</Filter>
    </ClCompile>
    <ClCompile Include="sphere.cpp">
      <Filter>Source Files</Filter>
    </ClCompile>
    <ClCompile Include="map.cpp">
      <Filter>Source Files</Filter>
    </ClCompile>
    <ClCompile Include="JumboTron.cpp">
      <Filter>Source Files</Filter>
    </ClCompile>
    <ClCompile Include="TextureManager.cpp">
      <Filter>Source Files</Filter>
    </ClCompile>
    <ClCompile Include="fbo.cpp">
      <Filter>Source Files</Filter>
    </ClCompile>
    <ClCompile Include="Obstacle.cpp">
      <Filter>Source Files</Filter>
    </ClCompile>
    <ClCompile Include="Scoreboard.cpp">
      <Filter>Source Files</Filter>
    </ClCompile>
    <ClCompile Include="skybox.cpp">
      <Filter>Source Files</Filter>
    </ClCompile>
    <ClCompile Include="main.cpp">
      <Filter>Source Files</Filter>
    </ClCompile>
  </ItemGroup>
  <ItemGroup>
    <ClInclude Include="Object.h">
      <Filter>Header Files</Filter>
    </ClInclude>
    <ClInclude Include="vertexattributes.h">
      <Filter>Header Files</Filter>
    </ClInclude>
    <ClInclude Include="shader.h">
      <Filter>Header Files</Filter>
    </ClInclude>
    <ClInclude Include="sphere.h">
      <Filter>Header Files</Filter>
    </ClInclude>
    <ClInclude Include="map.h">
      <Filter>Header Files</Filter>
    </ClInclude>
    <ClInclude Include="JumboTron.h">
      <Filter>Header Files</Filter>
    </ClInclude>
    <ClInclude Include="TextureManager.h">
      <Filter>Header Files</Filter>
    </ClInclude>
    <ClInclude Include="fbo.h">
      <Filter>Header Files</Filter>
    </ClInclude>
    <ClInclude Include="Obstacle.h">
      <Filter>Header Files</Filter>
    </ClInclude>
    <ClInclude Include="Scoreboard.h">
      <Filter>Header Files</Filter>
    </ClInclude>
    <ClInclude Include="constants.h">
      <Filter>Header Files</Filter>
    </ClInclude>
    <ClInclude Include="skybox.h">
      <Filter>Header Files</Filter>
    </ClInclude>
    <ClInclude Include="main.h">
      <Filter>Header Files</Filter>
    </ClInclude>
  </ItemGroup>
  <ItemGroup>
    <None Include=".gitignore" />
    <None Include="..\..\..\..\..\Downloads\GLSL\GLSL\examples\checkedlamb.frag">
      <Filter>Shader Files</Filter>
    </None>
    <None Include="shaders\basic_texture_shader.frag">
      <Filter>Shader Files</Filter>
    </None>
    <None Include="shaders\basic_texture_shader.vert">
      <Filter>Shader Files</Filter>
    </None>
    <None Include="shaders\blue_shader.frag">
      <Filter>Shader Files</Filter>
    </None>
    <None Include="shaders\blue_shader.vert">
      <Filter>Shader Files</Filter>
    </None>
    <None Include="shaders\clock.frag">
      <Filter>Shader Files</Filter>
    </None>
    <None Include="shaders\clock.vert">
      <Filter>Shader Files</Filter>
    </None>
    <None Include="shaders\color_changer_shader.frag">
      <Filter>Shader Files</Filter>
    </None>
    <None Include="shaders\color_changer_shader.vert">
      <Filter>Shader Files</Filter>
    </None>
    <None Include="shaders\flat.frag">
      <Filter>Shader Files</Filter>
    </None>
    <None Include="shaders\flat.vert">
      <Filter>Shader Files</Filter>
    </None>
    <None Include="shaders\flat_shader.frag">
      <Filter>Shader Files</Filter>
    </None>
    <None Include="shaders\flat_shader.vert">
      <Filter>Shader Files</Filter>
    </None>
    <None Include="shaders\Gouraud_shader.frag">
      <Filter>Shader Files</Filter>
    </None>
    <None Include="shaders\Gouraud_shader.vert">
      <Filter>Shader Files</Filter>
    </None>
    <None Include="shaders\normal.frag">
      <Filter>Shader Files</Filter>
    </None>
    <None Include="shaders\normal.vert">
      <Filter>Shader Files</Filter>
    </None>
    <None Include="shaders\perforated.frag">
      <Filter>Shader Files</Filter>
    </None>
    <None Include="shaders\perforated.vert">
      <Filter>Shader Files</Filter>
    </None>
    <None Include="shaders\phong.frag">
      <Filter>Shader Files</Filter>
    </None>
    <None Include="shaders\phong.vert">
      <Filter>Shader Files</Filter>
    </None>
    <None Include="shaders\phong2.frag">
      <Filter>Shader Files</Filter>
    </None>
    <None Include="shaders\phong2.vert">
      <Filter>Shader Files</Filter>
    </None>
    <None Include="shaders\phong_shader.frag">
      <Filter>Shader Files</Filter>
    </None>
    <None Include="shaders\phong_shader.vert">
      <Filter>Shader Files</Filter>
    </None>
    <None Include="shaders\rainbow.frag">
      <Filter>Shader Files</Filter>
    </None>
    <None Include="shaders\rainbow.vert">
      <Filter>Shader Files</Filter>
    </None>
    <None Include="shaders\solid_shader.frag">
      <Filter>Shader Files</Filter>
    </None>
    <None Include="shaders\solid_shader.vert">
      <Filter>Shader Files</Filter>
    </None>
    <None Include="shaders\solid_shader_white.frag">
      <Filter>Shader Files</Filter>
    </None>
    <None Include="shaders\solid_shader_white.vert">
      <Filter>Shader Files</Filter>
    </None>
    <None Include="shaders\space.frag">
      <Filter>Shader Files</Filter>
    </None>
    <None Include="shaders\space.vert">
      <Filter>Shader Files</Filter>
    </None>
    <None Include="shaders\text_shader.frag">
      <Filter>Shader Files</Filter>
    </None>
    <None Include="shaders\text_shader.vert">
      <Filter>Shader Files</Filter>
    </None>
    <None Include="shaders\time_perforated.frag">
      <Filter>Shader Files</Filter>
    </None>
    <None Include="shaders\time_perforated.vert">
      <Filter>Shader Files</Filter>
    </None>
    <None Include="shaders\toon.frag">
      <Filter>Shader Files</Filter>
    </None>
    <None Include="shaders\toon.vert">
      <Filter>Shader Files</Filter>
    </None>
    <None Include="shaders\twoside.frag">
      <Filter>Shader Files</Filter>
    </None>
    <None Include="shaders\twoside.vert">
      <Filter>Shader Files</Filter>
    </None>
    <None Include="shaders\water_shader.frag">
      <Filter>Shader Files</Filter>
    </None>
    <None Include="shaders\water_shader.vert">
      <Filter>Shader Files</Filter>
    </None>
  </ItemGroup>
  <ItemGroup>
    <Image Include="Textures\advertisments.jpg">
      <Filter>Texture files</Filter>
    </Image>
    <Image Include="Textures\arabian_nights.jpg">
      <Filter>Texture files</Filter>
    </Image>
    <Image Include="Textures\Ball 15.jpg">
      <Filter>Texture files</Filter>
    </Image>
    <Image Include="Textures\Ball10.jpg">
      <Filter>Texture files</Filter>
    </Image>
    <Image Include="Textures\Ball8.jpg">
      <Filter>Texture files</Filter>
    </Image>
    <Image Include="Textures\blue-sky-texture.jpg">
      <Filter>Texture files</Filter>
    </Image>
    <Image Include="Textures\Broken-glass.jpg">
      <Filter>Texture files</Filter>
    </Image>
    <Image Include="Textures\caution.jpg">
      <Filter>Texture files</Filter>
    </Image>
    <Image Include="Textures\cloudy.jpg">
      <Filter>Texture files</Filter>
    </Image>
    <Image Include="Textures\crate.jpg">
      <Filter>Texture files</Filter>
    </Image>
    <Image Include="Textures\cubemap.jpg">
      <Filter>Texture files</Filter>
    </Image>
    <Image Include="Textures\earth.jpg">
      <Filter>Texture files</Filter>
    </Image>
    <Image Include="Textures\field.jpg">
      <Filter>Texture files</Filter>
    </Image>
    <Image Include="Textures\fulllg.jpg">
      <Filter>Texture files</Filter>
    </Image>
    <Image Include="Textures\garden_sky.jpg">
      <Filter>Texture files</Filter>
    </Image>
    <Image Include="Textures\grass.jpg">
      <Filter>Texture files</Filter>
    </Image>
    <Image Include="Textures\grimnight.jpg">
      <Filter>Texture files</Filter>
    </Image>
    <Image Include="Textures\interstellar_large.jpg">
      <Filter>Texture files</Filter>
    </Image>
    <Image Include="Textures\introScreen.jpg">
      <Filter>Texture files</Filter>
    </Image>
    <Image Include="Textures\metalplate.jpg">
      <Filter>Texture files</Filter>
    </Image>
    <Image Include="Textures\mountains.jpg">
      <Filter>Texture files</Filter>
    </Image>
    <Image Include="Textures\nextLevel.jpg">
      <Filter>Texture files</Filter>
    </Image>
    <Image Include="Textures\red_earth.jpg">
      <Filter>Texture files</Filter>
    </Image>
    <Image Include="Textures\red_mountain.jpg">
      <Filter>Texture files</Filter>
    </Image>
    <Image Include="Textures\simpson_skybox.jpg">
      <Filter>Texture files</Filter>
    </Image>
    <Image Include="Textures\spheremapgalaxyasteroid.jpg">
      <Filter>Texture files</Filter>
    </Image>
    <Image Include="Textures\stone.jpg">
      <Filter>Texture files</Filter>
    </Image>
    <Image Include="Textures\sunset.jpg">
      <Filter>Texture files</Filter>
    </Image>
    <Image Include="Textures\violentdays_large.jpg">
      <Filter>Texture files</Filter>
    </Image>
    <Image Include="Textures\water.jpg">
      <Filter>Texture files</Filter>
    </Image>
    <Image Include="Textures\winner.jpg">
      <Filter>Texture files</Filter>
    </Image>
    <Image Include="Textures\you_lost.jpg">
      <Filter>Texture files</Filter>
    </Image>
    <Image Include="Textures\you_won.jpg">
      <Filter>Texture files</Filter>
    </Image>
  </ItemGroup>
</Project>