<?xml version="1.0" encoding="utf-8"?>
<Project ToolsVersion="4.0" xmlns="http://schemas.microsoft.com/developer/msbuild/2003">
  <ItemGroup>
    <Filter Include="Source Files">
      <UniqueIdentifier>{4FC737F1-C7A5-4376-A066-2A32D752A2FF}</UniqueIdentifier>
      <Extensions>cpp;c;cc;cxx;def;odl;idl;hpj;bat;asm;asmx</Extensions>
    </Filter>
    <Filter Include="Header Files">
      <UniqueIdentifier>{93995380-89BD-4b04-88EB-625FBE52EBFB}</UniqueIdentifier>
      <Extensions>h;hpp;hxx;hm;inl;inc;xsd</Extensions>
    </Filter>
    <Filter Include="Shader Files">
      <UniqueIdentifier>{0e76bee3-3c98-4ea1-b8ea-e0293a1c60d9}</UniqueIdentifier>
    </Filter>
    <Filter Include="Texture Files">
      <UniqueIdentifier>{67DA6AB6-F800-4c08-8B7A-83BB121AAD01}</UniqueIdentifier>
      <Extensions>rc;ico;cur;bmp;dlg;rc2;rct;bin;rgs;gif;jpg;jpeg;jpe;resx;tiff;tif;png;wav;mfcribbon-ms</Extensions>
    </Filter>
  </ItemGroup>
  <ItemGroup>
    <None Include=".gitignore" />
    <None Include="freeglut.dll" />
    <None Include="FreeImage.dll" />
    <None Include="glew32.dll" />
    <None Include="README.md" />
    <None Include="basic_texture_shader.frag">
      <Filter>Shader Files</Filter>
    </None>
    <None Include="basic_texture_shader.vert">
      <Filter>Shader Files</Filter>
    </None>
    <None Include="blue_shader.frag">
      <Filter>Shader Files</Filter>
    </None>
    <None Include="blue_shader.vert">
      <Filter>Shader Files</Filter>
    </None>
    <None Include="gouraud_shader.frag">
      <Filter>Shader Files</Filter>
    </None>
    <None Include="gouraud_shader.vert">
      <Filter>Shader Files</Filter>
    </None>
    <None Include="phong_shader.frag">
      <Filter>Shader Files</Filter>
    </None>
    <None Include="phong_shader.vert">
      <Filter>Shader Files</Filter>
    </None>
    <None Include="rainbow.frag">
      <Filter>Shader Files</Filter>
    </None>
    <None Include="rainbow.vert">
      <Filter>Shader Files</Filter>
    </None>
    <None Include="solid_shader.frag">
      <Filter>Shader Files</Filter>
    </None>
    <None Include="solid_shader.vert">
      <Filter>Shader Files</Filter>
    </None>
    <None Include="text_shader.vert">
      <Filter>Shader Files</Filter>
    </None>
    <None Include="text_shader.frag">
      <Filter>Shader Files</Filter>
    </None>
    <None Include="water_shader.frag">
      <Filter>Shader Files</Filter>
    </None>
    <None Include="water_shader.vert">
      <Filter>Shader Files</Filter>
    </None>
    <None Include="light.frag" />
    <None Include="light.vert" />
  </ItemGroup>
  <ItemGroup>
    <Image Include="advertisments.jpg">
      <Filter>Texture Files</Filter>
    </Image>
    <Image Include="blue-sky-texture.jpg">
      <Filter>Texture Files</Filter>
    </Image>
    <Image Include="cloudy.jpg">
      <Filter>Texture Files</Filter>
    </Image>
    <Image Include="crate.jpg">
      <Filter>Texture Files</Filter>
    </Image>
    <Image Include="cubemap.jpg">
      <Filter>Texture Files</Filter>
    </Image>
    <Image Include="field.jpg">
      <Filter>Texture Files</Filter>
    </Image>
    <Image Include="fulllg.jpg">
      <Filter>Texture Files</Filter>
    </Image>
    <Image Include="garden_sky.jpg">
      <Filter>Texture Files</Filter>
    </Image>
    <Image Include="grass.jpg">
      <Filter>Texture Files</Filter>
    </Image>
    <Image Include="interstellar_large.jpg">
      <Filter>Texture Files</Filter>
    </Image>
    <Image Include="introScreen.jpg">
      <Filter>Texture Files</Filter>
    </Image>
    <Image Include="lava.jpg">
      <Filter>Texture Files</Filter>
    </Image>
    <Image Include="metalplate.jpg">
      <Filter>Texture Files</Filter>
    </Image>
    <Image Include="nextLevel.jpg">
      <Filter>Texture Files</Filter>
    </Image>
    <Image Include="red_mountain.jpg">
      <Filter>Texture Files</Filter>
    </Image>
    <Image Include="simpson_skybox.jpg">
      <Filter>Texture Files</Filter>
    </Image>
    <Image Include="spheremapgalaxyasteroid.jpg">
      <Filter>Texture Files</Filter>
    </Image>
    <Image Include="stone.jpg">
      <Filter>Texture Files</Filter>
    </Image>
    <Image Include="sunset.jpg">
      <Filter>Texture Files</Filter>
    </Image>
    <Image Include="you_lost.jpg">
      <Filter>Texture Files</Filter>
    </Image>
    <Image Include="you_won.jpg">
      <Filter>Texture Files</Filter>
    </Image>
  </ItemGroup>
  <ItemGroup>
    <ClInclude Include="constants.h">
      <Filter>Header Files</Filter>
    </ClInclude>
    <ClInclude Include="fbo.h">
      <Filter>Header Files</Filter>
    </ClInclude>
    <ClInclude Include="JumboTron.h">
      <Filter>Header Files</Filter>
    </ClInclude>
    <ClInclude Include="main.h">
      <Filter>Header Files</Filter>
    </ClInclude>
    <ClInclude Include="map.h">
      <Filter>Header Files</Filter>
    </ClInclude>
    <ClInclude Include="Object.h">
      <Filter>Header Files</Filter>
    </ClInclude>
    <ClInclude Include="Obstacle.h">
      <Filter>Header Files</Filter>
    </ClInclude>
    <ClInclude Include="Scoreboard.h">
      <Filter>Header Files</Filter>
    </ClInclude>
    <ClInclude Include="shader.h">
      <Filter>Header Files</Filter>
    </ClInclude>
    <ClInclude Include="Skybox.h">
      <Filter>Header Files</Filter>
    </ClInclude>
    <ClInclude Include="sphere.h">
      <Filter>Header Files</Filter>
    </ClInclude>
    <ClInclude Include="TextureManager.h">
      <Filter>Header Files</Filter>
    </ClInclude>
    <ClInclude Include="vertexattributes.h">
      <Filter>Header Files</Filter>
    </ClInclude>
    <ClInclude Include="FreeImage.h">
      <Filter>Header Files</Filter>
    </ClInclude>
  </ItemGroup>
  <ItemGroup>
    <ClCompile Include="fbo.cpp">
      <Filter>Source Files</Filter>
    </ClCompile>
    <ClCompile Include="JumboTron.cpp">
      <Filter>Source Files</Filter>
    </ClCompile>
    <ClCompile Include="main.cpp">
      <Filter>Source Files</Filter>
    </ClCompile>
    <ClCompile Include="map.cpp">
      <Filter>Source Files</Filter>
    </ClCompile>
    <ClCompile Include="Object.cpp">
      <Filter>Source Files</Filter>
    </ClCompile>
    <ClCompile Include="Obstacle.cpp">
      <Filter>Source Files</Filter>
    </ClCompile>
    <ClCompile Include="Scoreboard.cpp">
      <Filter>Source Files</Filter>
    </ClCompile>
    <ClCompile Include="shader.cpp">
      <Filter>Source Files</Filter>
    </ClCompile>
    <ClCompile Include="Skybox.cpp">
      <Filter>Source Files</Filter>
    </ClCompile>
    <ClCompile Include="sphere.cpp">
      <Filter>Source Files</Filter>
    </ClCompile>
    <ClCompile Include="TextureManager.cpp">
      <Filter>Source Files</Filter>
    </ClCompile>
    <ClCompile Include="vertexattributes.cpp">
      <Filter>Source Files</Filter>
    </ClCompile>
  </ItemGroup>
</Project>